// !$*UTF8*$!
{
	archiveVersion = 1;
	classes = {
	};
	objectVersion = 50;
	objects = {

/* Begin PBXBuildFile section */
		19298F9C2345303E003BF3A3 /* AppDelegate.swift in Sources */ = {isa = PBXBuildFile; fileRef = 19298F9B2345303E003BF3A3 /* AppDelegate.swift */; };
		19298F9E2345303E003BF3A3 /* SceneDelegate.swift in Sources */ = {isa = PBXBuildFile; fileRef = 19298F9D2345303E003BF3A3 /* SceneDelegate.swift */; };
		19298FA32345303E003BF3A3 /* Main.storyboard in Resources */ = {isa = PBXBuildFile; fileRef = 19298FA12345303E003BF3A3 /* Main.storyboard */; };
		19298FA52345303F003BF3A3 /* Assets.xcassets in Resources */ = {isa = PBXBuildFile; fileRef = 19298FA42345303F003BF3A3 /* Assets.xcassets */; };
		19298FA82345303F003BF3A3 /* LaunchScreen.storyboard in Resources */ = {isa = PBXBuildFile; fileRef = 19298FA62345303F003BF3A3 /* LaunchScreen.storyboard */; };
		195B875623456C4B005D9E75 /* LeagueItemTableViewController.swift in Sources */ = {isa = PBXBuildFile; fileRef = 195B875523456C4B005D9E75 /* LeagueItemTableViewController.swift */; };
		195D9E742345479500776B7A /* LeagueItem.swift in Sources */ = {isa = PBXBuildFile; fileRef = 195D9E732345479500776B7A /* LeagueItem.swift */; };
		195D9E782345546F00776B7A /* LeagueItemController.swift in Sources */ = {isa = PBXBuildFile; fileRef = 195D9E772345546F00776B7A /* LeagueItemController.swift */; };
/* End PBXBuildFile section */

/* Begin PBXFileReference section */
		19298F982345303E003BF3A3 /* LeagueItems.app */ = {isa = PBXFileReference; explicitFileType = wrapper.application; includeInIndex = 0; path = LeagueItems.app; sourceTree = BUILT_PRODUCTS_DIR; };
		19298F9B2345303E003BF3A3 /* AppDelegate.swift */ = {isa = PBXFileReference; lastKnownFileType = sourcecode.swift; path = AppDelegate.swift; sourceTree = "<group>"; };
		19298F9D2345303E003BF3A3 /* SceneDelegate.swift */ = {isa = PBXFileReference; lastKnownFileType = sourcecode.swift; path = SceneDelegate.swift; sourceTree = "<group>"; };
		19298FA22345303E003BF3A3 /* Base */ = {isa = PBXFileReference; lastKnownFileType = file.storyboard; name = Base; path = Base.lproj/Main.storyboard; sourceTree = "<group>"; };
		19298FA42345303F003BF3A3 /* Assets.xcassets */ = {isa = PBXFileReference; lastKnownFileType = folder.assetcatalog; path = Assets.xcassets; sourceTree = "<group>"; };
		19298FA72345303F003BF3A3 /* Base */ = {isa = PBXFileReference; lastKnownFileType = file.storyboard; name = Base; path = Base.lproj/LaunchScreen.storyboard; sourceTree = "<group>"; };
		19298FA92345303F003BF3A3 /* Info.plist */ = {isa = PBXFileReference; lastKnownFileType = text.plist.xml; path = Info.plist; sourceTree = "<group>"; };
		195B875523456C4B005D9E75 /* LeagueItemTableViewController.swift */ = {isa = PBXFileReference; lastKnownFileType = sourcecode.swift; path = LeagueItemTableViewController.swift; sourceTree = "<group>"; };
		195D9E732345479500776B7A /* LeagueItem.swift */ = {isa = PBXFileReference; lastKnownFileType = sourcecode.swift; path = LeagueItem.swift; sourceTree = "<group>"; };
		195D9E772345546F00776B7A /* LeagueItemController.swift */ = {isa = PBXFileReference; lastKnownFileType = sourcecode.swift; path = LeagueItemController.swift; sourceTree = "<group>"; };
/* End PBXFileReference section */

/* Begin PBXFrameworksBuildPhase section */
		19298F952345303E003BF3A3 /* Frameworks */ = {
			isa = PBXFrameworksBuildPhase;
			buildActionMask = 2147483647;
			files = (
			);
			runOnlyForDeploymentPostprocessing = 0;
		};
/* End PBXFrameworksBuildPhase section */

/* Begin PBXGroup section */
		19298F8F2345303E003BF3A3 = {
			isa = PBXGroup;
			children = (
				19298F9A2345303E003BF3A3 /* LeagueItems */,
				19298F992345303E003BF3A3 /* Products */,
			);
			sourceTree = "<group>";
		};
		19298F992345303E003BF3A3 /* Products */ = {
			isa = PBXGroup;
			children = (
				19298F982345303E003BF3A3 /* LeagueItems.app */,
			);
			name = Products;
			sourceTree = "<group>";
		};
		19298F9A2345303E003BF3A3 /* LeagueItems */ = {
			isa = PBXGroup;
			children = (
				195D9E702345309500776B7A /* Controllers */,
				195D9E6F2345308F00776B7A /* Models */,
				195D9E6E2345307C00776B7A /* resources */,
				19298FA12345303E003BF3A3 /* Main.storyboard */,
			);
			path = LeagueItems;
			sourceTree = "<group>";
		};
		195D9E6E2345307C00776B7A /* resources */ = {
			isa = PBXGroup;
			children = (
				19298F9B2345303E003BF3A3 /* AppDelegate.swift */,
				19298F9D2345303E003BF3A3 /* SceneDelegate.swift */,
				19298FA42345303F003BF3A3 /* Assets.xcassets */,
				19298FA62345303F003BF3A3 /* LaunchScreen.storyboard */,
				19298FA92345303F003BF3A3 /* Info.plist */,
			);
			path = resources;
			sourceTree = "<group>";
		};
		195D9E6F2345308F00776B7A /* Models */ = {
			isa = PBXGroup;
			children = (
				195D9E732345479500776B7A /* LeagueItem.swift */,
			);
			path = Models;
			sourceTree = "<group>";
		};
		195D9E702345309500776B7A /* Controllers */ = {
			isa = PBXGroup;
			children = (
				195D9E72234530A300776B7A /* ViewControllers */,
				195D9E712345309C00776B7A /* ModelControllers */,
			);
			path = Controllers;
			sourceTree = "<group>";
		};
		195D9E712345309C00776B7A /* ModelControllers */ = {
			isa = PBXGroup;
			children = (
				195D9E772345546F00776B7A /* LeagueItemController.swift */,
			);
			path = ModelControllers;
			sourceTree = "<group>";
		};
		195D9E72234530A300776B7A /* ViewControllers */ = {
			isa = PBXGroup;
			children = (
				195B875523456C4B005D9E75 /* LeagueItemTableViewController.swift */,
			);
			path = ViewControllers;
			sourceTree = "<group>";
		};
/* End PBXGroup section */

/* Begin PBXNativeTarget section */
		19298F972345303E003BF3A3 /* LeagueItems */ = {
			isa = PBXNativeTarget;
			buildConfigurationList = 19298FAC2345303F003BF3A3 /* Build configuration list for PBXNativeTarget "LeagueItems" */;
			buildPhases = (
				19298F942345303E003BF3A3 /* Sources */,
				19298F952345303E003BF3A3 /* Frameworks */,
				19298F962345303E003BF3A3 /* Resources */,
			);
			buildRules = (
			);
			dependencies = (
			);
			name = LeagueItems;
			productName = LeagueItems;
			productReference = 19298F982345303E003BF3A3 /* LeagueItems.app */;
			productType = "com.apple.product-type.application";
		};
/* End PBXNativeTarget section */

/* Begin PBXProject section */
		19298F902345303E003BF3A3 /* Project object */ = {
			isa = PBXProject;
			attributes = {
				LastSwiftUpdateCheck = 1100;
				LastUpgradeCheck = 1100;
				ORGANIZATIONNAME = "Travis Wheeler";
				TargetAttributes = {
					19298F972345303E003BF3A3 = {
						CreatedOnToolsVersion = 11.0;
					};
				};
			};
			buildConfigurationList = 19298F932345303E003BF3A3 /* Build configuration list for PBXProject "LeagueItems" */;
			compatibilityVersion = "Xcode 9.3";
			developmentRegion = en;
			hasScannedForEncodings = 0;
			knownRegions = (
				en,
				Base,
			);
			mainGroup = 19298F8F2345303E003BF3A3;
			productRefGroup = 19298F992345303E003BF3A3 /* Products */;
			projectDirPath = "";
			projectRoot = "";
			targets = (
				19298F972345303E003BF3A3 /* LeagueItems */,
			);
		};
/* End PBXProject section */

/* Begin PBXResourcesBuildPhase section */
		19298F962345303E003BF3A3 /* Resources */ = {
			isa = PBXResourcesBuildPhase;
			buildActionMask = 2147483647;
			files = (
				19298FA82345303F003BF3A3 /* LaunchScreen.storyboard in Resources */,
				19298FA52345303F003BF3A3 /* Assets.xcassets in Resources */,
				19298FA32345303E003BF3A3 /* Main.storyboard in Resources */,
			);
			runOnlyForDeploymentPostprocessing = 0;
		};
/* End PBXResourcesBuildPhase section */

/* Begin PBXSourcesBuildPhase section */
		19298F942345303E003BF3A3 /* Sources */ = {
			isa = PBXSourcesBuildPhase;
			buildActionMask = 2147483647;
			files = (
				195D9E742345479500776B7A /* LeagueItem.swift in Sources */,
				195B875623456C4B005D9E75 /* LeagueItemTableViewController.swift in Sources */,
				19298F9C2345303E003BF3A3 /* AppDelegate.swift in Sources */,
				19298F9E2345303E003BF3A3 /* SceneDelegate.swift in Sources */,
				195D9E782345546F00776B7A /* LeagueItemController.swift in Sources */,
			);
			runOnlyForDeploymentPostprocessing = 0;
		};
/* End PBXSourcesBuildPhase section */

/* Begin PBXVariantGroup section */
		19298FA12345303E003BF3A3 /* Main.storyboard */ = {
			isa = PBXVariantGroup;
			children = (
				19298FA22345303E003BF3A3 /* Base */,
			);
			name = Main.storyboard;
			sourceTree = "<group>";
		};
		19298FA62345303F003BF3A3 /* LaunchScreen.storyboard */ = {
			isa = PBXVariantGroup;
			children = (
				19298FA72345303F003BF3A3 /* Base */,
			);
			name = LaunchScreen.storyboard;
			sourceTree = "<group>";
		};
/* End PBXVariantGroup section */

/* Begin XCBuildConfiguration section */
		19298FAA2345303F003BF3A3 /* Debug */ = {
			isa = XCBuildConfiguration;
			buildSettings = {
				ALWAYS_SEARCH_USER_PATHS = NO;
				CLANG_ANALYZER_NONNULL = YES;
				CLANG_ANALYZER_NUMBER_OBJECT_CONVERSION = YES_AGGRESSIVE;
				CLANG_CXX_LANGUAGE_STANDARD = "gnu++14";
				CLANG_CXX_LIBRARY = "libc++";
				CLANG_ENABLE_MODULES = YES;
				CLANG_ENABLE_OBJC_ARC = YES;
				CLANG_ENABLE_OBJC_WEAK = YES;
				CLANG_WARN_BLOCK_CAPTURE_AUTORELEASING = YES;
				CLANG_WARN_BOOL_CONVERSION = YES;
				CLANG_WARN_COMMA = YES;
				CLANG_WARN_CONSTANT_CONVERSION = YES;
				CLANG_WARN_DEPRECATED_OBJC_IMPLEMENTATIONS = YES;
				CLANG_WARN_DIRECT_OBJC_ISA_USAGE = YES_ERROR;
				CLANG_WARN_DOCUMENTATION_COMMENTS = YES;
				CLANG_WARN_EMPTY_BODY = YES;
				CLANG_WARN_ENUM_CONVERSION = YES;
				CLANG_WARN_INFINITE_RECURSION = YES;
				CLANG_WARN_INT_CONVERSION = YES;
				CLANG_WARN_NON_LITERAL_NULL_CONVERSION = YES;
				CLANG_WARN_OBJC_IMPLICIT_RETAIN_SELF = YES;
				CLANG_WARN_OBJC_LITERAL_CONVERSION = YES;
				CLANG_WARN_OBJC_ROOT_CLASS = YES_ERROR;
				CLANG_WARN_RANGE_LOOP_ANALYSIS = YES;
				CLANG_WARN_STRICT_PROTOTYPES = YES;
				CLANG_WARN_SUSPICIOUS_MOVE = YES;
				CLANG_WARN_UNGUARDED_AVAILABILITY = YES_AGGRESSIVE;
				CLANG_WARN_UNREACHABLE_CODE = YES;
				CLANG_WARN__DUPLICATE_METHOD_MATCH = YES;
				COPY_PHASE_STRIP = NO;
				DEBUG_INFORMATION_FORMAT = dwarf;
				ENABLE_STRICT_OBJC_MSGSEND = YES;
				ENABLE_TESTABILITY = YES;
				GCC_C_LANGUAGE_STANDARD = gnu11;
				GCC_DYNAMIC_NO_PIC = NO;
				GCC_NO_COMMON_BLOCKS = YES;
				GCC_OPTIMIZATION_LEVEL = 0;
				GCC_PREPROCESSOR_DEFINITIONS = (
					"DEBUG=1",
					"$(inherited)",
				);
				GCC_WARN_64_TO_32_BIT_CONVERSION = YES;
				GCC_WARN_ABOUT_RETURN_TYPE = YES_ERROR;
				GCC_WARN_UNDECLARED_SELECTOR = YES;
				GCC_WARN_UNINITIALIZED_AUTOS = YES_AGGRESSIVE;
				GCC_WARN_UNUSED_FUNCTION = YES;
				GCC_WARN_UNUSED_VARIABLE = YES;
				IPHONEOS_DEPLOYMENT_TARGET = 13.0;
				MTL_ENABLE_DEBUG_INFO = INCLUDE_SOURCE;
				MTL_FAST_MATH = YES;
				ONLY_ACTIVE_ARCH = YES;
				SDKROOT = iphoneos;
				SWIFT_ACTIVE_COMPILATION_CONDITIONS = DEBUG;
				SWIFT_OPTIMIZATION_LEVEL = "-Onone";
			};
			name = Debug;
		};
		19298FAB2345303F003BF3A3 /* Release */ = {
			isa = XCBuildConfiguration;
			buildSettings = {
				ALWAYS_SEARCH_USER_PATHS = NO;
				CLANG_ANALYZER_NONNULL = YES;
				CLANG_ANALYZER_NUMBER_OBJECT_CONVERSION = YES_AGGRESSIVE;
				CLANG_CXX_LANGUAGE_STANDARD = "gnu++14";
				CLANG_CXX_LIBRARY = "libc++";
				CLANG_ENABLE_MODULES = YES;
				CLANG_ENABLE_OBJC_ARC = YES;
				CLANG_ENABLE_OBJC_WEAK = YES;
				CLANG_WARN_BLOCK_CAPTURE_AUTORELEASING = YES;
				CLANG_WARN_BOOL_CONVERSION = YES;
				CLANG_WARN_COMMA = YES;
				CLANG_WARN_CONSTANT_CONVERSION = YES;
				CLANG_WARN_DEPRECATED_OBJC_IMPLEMENTATIONS = YES;
				CLANG_WARN_DIRECT_OBJC_ISA_USAGE = YES_ERROR;
				CLANG_WARN_DOCUMENTATION_COMMENTS = YES;
				CLANG_WARN_EMPTY_BODY = YES;
				CLANG_WARN_ENUM_CONVERSION = YES;
				CLANG_WARN_INFINITE_RECURSION = YES;
				CLANG_WARN_INT_CONVERSION = YES;
				CLANG_WARN_NON_LITERAL_NULL_CONVERSION = YES;
				CLANG_WARN_OBJC_IMPLICIT_RETAIN_SELF = YES;
				CLANG_WARN_OBJC_LITERAL_CONVERSION = YES;
				CLANG_WARN_OBJC_ROOT_CLASS = YES_ERROR;
				CLANG_WARN_RANGE_LOOP_ANALYSIS = YES;
				CLANG_WARN_STRICT_PROTOTYPES = YES;
				CLANG_WARN_SUSPICIOUS_MOVE = YES;
				CLANG_WARN_UNGUARDED_AVAILABILITY = YES_AGGRESSIVE;
				CLANG_WARN_UNREACHABLE_CODE = YES;
				CLANG_WARN__DUPLICATE_METHOD_MATCH = YES;
				COPY_PHASE_STRIP = NO;
				DEBUG_INFORMATION_FORMAT = "dwarf-with-dsym";
				ENABLE_NS_ASSERTIONS = NO;
				ENABLE_STRICT_OBJC_MSGSEND = YES;
				GCC_C_LANGUAGE_STANDARD = gnu11;
				GCC_NO_COMMON_BLOCKS = YES;
				GCC_WARN_64_TO_32_BIT_CONVERSION = YES;
				GCC_WARN_ABOUT_RETURN_TYPE = YES_ERROR;
				GCC_WARN_UNDECLARED_SELECTOR = YES;
				GCC_WARN_UNINITIALIZED_AUTOS = YES_AGGRESSIVE;
				GCC_WARN_UNUSED_FUNCTION = YES;
				GCC_WARN_UNUSED_VARIABLE = YES;
				IPHONEOS_DEPLOYMENT_TARGET = 13.0;
				MTL_ENABLE_DEBUG_INFO = NO;
				MTL_FAST_MATH = YES;
				SDKROOT = iphoneos;
				SWIFT_COMPILATION_MODE = wholemodule;
				SWIFT_OPTIMIZATION_LEVEL = "-O";
				VALIDATE_PRODUCT = YES;
			};
			name = Release;
		};
		19298FAD2345303F003BF3A3 /* Debug */ = {
			isa = XCBuildConfiguration;
			buildSettings = {
				ASSETCATALOG_COMPILER_APPICON_NAME = AppIcon;
				CODE_SIGN_STYLE = Automatic;
				DEVELOPMENT_TEAM = M9VU68T7UJ;
				INFOPLIST_FILE = "$(SRCROOT)/LeagueItems/resources/Info.plist";
				LD_RUNPATH_SEARCH_PATHS = (
					"$(inherited)",
					"@executable_path/Frameworks",
				);
				PRODUCT_BUNDLE_IDENTIFIER = com.TravisWheeler.LeagueItems;
				PRODUCT_NAME = "$(TARGET_NAME)";
				SWIFT_VERSION = 5.0;
				TARGETED_DEVICE_FAMILY = "1,2";
			};
			name = Debug;
		};
		19298FAE2345303F003BF3A3 /* Release */ = {
			isa = XCBuildConfiguration;
			buildSettings = {
				ASSETCATALOG_COMPILER_APPICON_NAME = AppIcon;
				CODE_SIGN_STYLE = Automatic;
				DEVELOPMENT_TEAM = M9VU68T7UJ;
				INFOPLIST_FILE = "$(SRCROOT)/LeagueItems/resources/Info.plist";
				LD_RUNPATH_SEARCH_PATHS = (
					"$(inherited)",
					"@executable_path/Frameworks",
				);
				PRODUCT_BUNDLE_IDENTIFIER = com.TravisWheeler.LeagueItems;
				PRODUCT_NAME = "$(TARGET_NAME)";
				SWIFT_VERSION = 5.0;
				TARGETED_DEVICE_FAMILY = "1,2";
			};
			name = Release;
		};
/* End XCBuildConfiguration section */

/* Begin XCConfigurationList section */
		19298F932345303E003BF3A3 /* Build configuration list for PBXProject "LeagueItems" */ = {
			isa = XCConfigurationList;
			buildConfigurations = (
				19298FAA2345303F003BF3A3 /* Debug */,
				19298FAB2345303F003BF3A3 /* Release */,
			);
			defaultConfigurationIsVisible = 0;
			defaultConfigurationName = Release;
		};
		19298FAC2345303F003BF3A3 /* Build configuration list for PBXNativeTarget "LeagueItems" */ = {
			isa = XCConfigurationList;
			buildConfigurations = (
				19298FAD2345303F003BF3A3 /* Debug */,
				19298FAE2345303F003BF3A3 /* Release */,
			);
			defaultConfigurationIsVisible = 0;
			defaultConfigurationName = Release;
		};
/* End XCConfigurationList section */
	};
	rootObject = 19298F902345303E003BF3A3 /* Project object */;
}
